{
  "version": 4,
  "terraform_version": "1.11.4",
  "serial": 112,
  "lineage": "a8c70374-35c1-391a-b77e-da4b545f1648",
  "outputs": {
    "app_insights_key": {
      "value": "36768355-a82c-4848-a30f-993955405f65",
      "type": "string",
      "sensitive": true
    },
    "app_insights_name": {
      "value": "food-tracker-insights-production",
      "type": "string"
    },
    "app_service_default_hostname": {
      "value": "food-tracker-app-production.azurewebsites.net",
      "type": "string"
    },
    "app_service_name": {
      "value": "food-tracker-app-production",
      "type": "string"
    },
    "key_vault_name": {
      "value": "ftkvproduction",
      "type": "string"
    },
    "log_analytics_workspace_name": {
      "value": "food-tracker-logs-production",
      "type": "string"
    },
    "resource_group_location": {
      "value": "eastus2",
      "type": "string"
    },
    "resource_group_name": {
      "value": "food-tracker-rg-production",
      "type": "string"
    },
    "sql_database_name": {
      "value": "food-tracker-db-production",
      "type": "string"
    },
    "sql_server_fqdn": {
      "value": "food-tracker-sql-production.database.windows.net",
      "type": "string"
    }
  },
  "resources": [
    {
      "mode": "data",
      "type": "azurerm_client_config",
      "name": "current",
      "provider": "provider[\"registry.terraform.io/hashicorp/azurerm\"]",
      "instances": [
        {
          "schema_version": 0,
          "attributes": {
            "client_id": "04b07795-8ddb-461a-bbee-02f9e1bf7b46",
            "id": "Y2xpZW50Q29uZmlncy9jbGllbnRJZD0wNGIwNzc5NS04ZGRiLTQ2MWEtYmJlZS0wMmY5ZTFiZjdiNDY7b2JqZWN0SWQ9OWExMGRmZjQtZjU3My00Y2U3LTk4OWQtY2U0MzQ1OGFkMmM2O3N1YnNjcmlwdGlvbklkPTQ5YjMxMTg0LWI3YWEtNGEzYS05MWVjLTM3YjNiY2MzNzI0Zjt0ZW5hbnRJZD03MGU2OWNmZi1hODMyLTQ3YmYtYjE2Ny0zYjgwNDBlNDVkNjM=",
            "object_id": "9a10dff4-f573-4ce7-989d-ce43458ad2c6",
            "subscription_id": "49b31184-b7aa-4a3a-91ec-37b3bcc3724f",
            "tenant_id": "70e69cff-a832-47bf-b167-3b8040e45d63",
            "timeouts": null
          },
          "sensitive_attributes": []
        }
      ]
    },
    {
      "mode": "managed",
      "type": "azurerm_application_insights",
      "name": "food_tracker",
      "provider": "provider[\"registry.terraform.io/hashicorp/azurerm\"]",
      "instances": [
        {
          "schema_version": 2,
          "attributes": {
            "app_id": "8a731297-0067-4a21-ab18-63c4dda75774",
            "application_type": "web",
            "connection_string": "InstrumentationKey=36768355-a82c-4848-a30f-993955405f65;IngestionEndpoint=https://eastus2-3.in.applicationinsights.azure.com/;LiveEndpoint=https://eastus2.livediagnostics.monitor.azure.com/;ApplicationId=8a731297-0067-4a21-ab18-63c4dda75774",
            "daily_data_cap_in_gb": 100,
            "daily_data_cap_notifications_disabled": false,
            "disable_ip_masking": false,
            "force_customer_storage_for_profiler": false,
            "id": "/subscriptions/49b31184-b7aa-4a3a-91ec-37b3bcc3724f/resourceGroups/food-tracker-rg-production/providers/Microsoft.Insights/components/food-tracker-insights-production",
            "instrumentation_key": "36768355-a82c-4848-a30f-993955405f65",
            "internet_ingestion_enabled": true,
            "internet_query_enabled": true,
            "local_authentication_disabled": false,
            "location": "eastus2",
            "name": "food-tracker-insights-production",
            "resource_group_name": "food-tracker-rg-production",
            "retention_in_days": 90,
            "sampling_percentage": 100,
            "tags": {
              "environment": "production",
              "project": "uber-eats-tracker"
            },
            "timeouts": null,
            "workspace_id": "/subscriptions/49b31184-b7aa-4a3a-91ec-37b3bcc3724f/resourceGroups/food-tracker-rg-production/providers/Microsoft.OperationalInsights/workspaces/food-tracker-logs-production"
          },
          "sensitive_attributes": [
            [
              {
                "type": "get_attr",
                "value": "instrumentation_key"
              }
            ],
            [
              {
                "type": "get_attr",
                "value": "connection_string"
              }
            ]
          ],
          "private": "eyJlMmJmYjczMC1lY2FhLTExZTYtOGY4OC0zNDM2M2JjN2M0YzAiOnsiY3JlYXRlIjozNjAwMDAwMDAwMDAwLCJkZWxldGUiOjE4MDAwMDAwMDAwMDAsInJlYWQiOjMwMDAwMDAwMDAwMCwidXBkYXRlIjoxODAwMDAwMDAwMDAwfSwic2NoZW1hX3ZlcnNpb24iOiIyIn0=",
          "dependencies": [
            "azurerm_log_analytics_workspace.food_tracker",
            "azurerm_resource_group.food_tracker"
          ]
        }
      ]
    },
    {
      "mode": "managed",
      "type": "azurerm_key_vault",
      "name": "food_tracker",
      "provider": "provider[\"registry.terraform.io/hashicorp/azurerm\"]",
      "instances": [
        {
          "schema_version": 2,
          "attributes": {
            "access_policy": [
              {
                "application_id": "",
                "certificate_permissions": null,
                "key_permissions": null,
                "object_id": "9a10dff4-f573-4ce7-989d-ce43458ad2c6",
                "secret_permissions": [
                  "Get",
                  "List",
                  "Set",
                  "Delete"
                ],
                "storage_permissions": null,
                "tenant_id": "70e69cff-a832-47bf-b167-3b8040e45d63"
              },
              {
                "application_id": "",
                "certificate_permissions": null,
                "key_permissions": null,
                "object_id": "9cf82c4e-3cb7-4fe7-a7d0-d0e6df3ef2bb",
                "secret_permissions": [
                  "Get",
                  "List"
                ],
                "storage_permissions": null,
                "tenant_id": "70e69cff-a832-47bf-b167-3b8040e45d63"
              }
            ],
            "contact": [],
            "enable_rbac_authorization": false,
            "enabled_for_deployment": false,
            "enabled_for_disk_encryption": true,
            "enabled_for_template_deployment": false,
            "id": "/subscriptions/49b31184-b7aa-4a3a-91ec-37b3bcc3724f/resourceGroups/food-tracker-rg-production/providers/Microsoft.KeyVault/vaults/ftkvproduction",
            "location": "eastus2",
            "name": "ftkvproduction",
            "network_acls": [
              {
                "bypass": "AzureServices",
                "default_action": "Allow",
                "ip_rules": [],
                "virtual_network_subnet_ids": []
              }
            ],
            "public_network_access_enabled": true,
            "purge_protection_enabled": false,
            "resource_group_name": "food-tracker-rg-production",
            "sku_name": "standard",
            "soft_delete_retention_days": 7,
            "tags": {
              "environment": "production",
              "project": "uber-eats-tracker"
            },
            "tenant_id": "70e69cff-a832-47bf-b167-3b8040e45d63",
            "timeouts": null,
            "vault_uri": "https://ftkvproduction.vault.azure.net/"
          },
          "sensitive_attributes": [],
          "private": "eyJlMmJmYjczMC1lY2FhLTExZTYtOGY4OC0zNDM2M2JjN2M0YzAiOnsiY3JlYXRlIjoxODAwMDAwMDAwMDAwLCJkZWxldGUiOjE4MDAwMDAwMDAwMDAsInJlYWQiOjMwMDAwMDAwMDAwMCwidXBkYXRlIjoxODAwMDAwMDAwMDAwfSwic2NoZW1hX3ZlcnNpb24iOiIyIn0=",
          "dependencies": [
            "azurerm_linux_web_app.food_tracker",
            "azurerm_resource_group.food_tracker",
            "azurerm_service_plan.food_tracker",
            "data.azurerm_client_config.current"
          ]
        }
      ]
    },
    {
      "mode": "managed",
      "type": "azurerm_linux_web_app",
      "name": "food_tracker",
      "provider": "provider[\"registry.terraform.io/hashicorp/azurerm\"]",
      "instances": [
        {
          "schema_version": 1,
          "attributes": {
            "app_settings": null,
            "auth_settings": [],
            "auth_settings_v2": [],
            "backup": [],
            "client_affinity_enabled": false,
            "client_certificate_enabled": false,
            "client_certificate_exclusion_paths": "",
            "client_certificate_mode": "Required",
            "connection_string": [],
            "custom_domain_verification_id": "EB7628144AB66E253E7C895D18BE3197D222BF17F58A91557E978A02E7ADBEBF",
            "default_hostname": "food-tracker-app-production.azurewebsites.net",
            "enabled": true,
            "ftp_publish_basic_authentication_enabled": true,
            "hosting_environment_id": "",
            "https_only": false,
            "id": "/subscriptions/49b31184-b7aa-4a3a-91ec-37b3bcc3724f/resourceGroups/food-tracker-rg-production/providers/Microsoft.Web/sites/food-tracker-app-production",
            "identity": [
              {
                "identity_ids": null,
                "principal_id": "9cf82c4e-3cb7-4fe7-a7d0-d0e6df3ef2bb",
                "tenant_id": "70e69cff-a832-47bf-b167-3b8040e45d63",
                "type": "SystemAssigned"
              }
            ],
            "key_vault_reference_identity_id": "SystemAssigned",
            "kind": "app,linux",
            "location": "eastus2",
            "logs": [],
            "name": "food-tracker-app-production",
            "outbound_ip_address_list": [
              "72.153.125.59",
              "9.169.239.162",
              "72.153.125.64",
              "72.153.125.76",
              "72.153.125.85",
              "72.153.125.90",
              "72.153.124.8",
              "72.153.123.165",
              "72.153.124.31",
              "72.153.124.41",
              "72.153.124.42",
              "72.153.124.59",
              "20.119.144.24"
            ],
            "outbound_ip_addresses": "72.153.125.59,9.169.239.162,72.153.125.64,72.153.125.76,72.153.125.85,72.153.125.90,72.153.124.8,72.153.123.165,72.153.124.31,72.153.124.41,72.153.124.42,72.153.124.59,20.119.144.24",
            "possible_outbound_ip_address_list": [
              "72.153.125.59",
              "9.169.239.162",
              "72.153.125.64",
              "72.153.125.76",
              "72.153.125.85",
              "72.153.125.90",
              "72.153.124.8",
              "72.153.123.165",
              "72.153.124.31",
              "72.153.124.41",
              "72.153.124.42",
              "72.153.124.59",
              "72.153.124.84",
              "72.153.124.106",
              "72.153.124.108",
              "72.153.124.114",
              "72.153.124.124",
              "72.153.124.163",
              "72.153.124.170",
              "72.153.124.187",
              "72.153.123.174",
              "72.153.124.229",
              "72.153.125.29",
              "72.153.125.38",
              "72.153.125.95",
              "72.153.125.127",
              "72.153.123.73",
              "72.153.125.134",
              "72.153.125.139",
              "72.153.125.146",
              "20.119.144.24"
            ],
            "possible_outbound_ip_addresses": "72.153.125.59,9.169.239.162,72.153.125.64,72.153.125.76,72.153.125.85,72.153.125.90,72.153.124.8,72.153.123.165,72.153.124.31,72.153.124.41,72.153.124.42,72.153.124.59,72.153.124.84,72.153.124.106,72.153.124.108,72.153.124.114,72.153.124.124,72.153.124.163,72.153.124.170,72.153.124.187,72.153.123.174,72.153.124.229,72.153.125.29,72.153.125.38,72.153.125.95,72.153.125.127,72.153.123.73,72.153.125.134,72.153.125.139,72.153.125.146,20.119.144.24",
            "public_network_access_enabled": true,
            "resource_group_name": "food-tracker-rg-production",
            "service_plan_id": "/subscriptions/49b31184-b7aa-4a3a-91ec-37b3bcc3724f/resourceGroups/food-tracker-rg-production/providers/Microsoft.Web/serverFarms/food-tracker-plan-production",
            "site_config": [
              {
                "always_on": true,
                "api_definition_url": "",
                "api_management_api_id": "",
                "app_command_line": "",
                "application_stack": [
                  {
                    "docker_image_name": "",
                    "docker_registry_password": "",
                    "docker_registry_url": "",
                    "docker_registry_username": "",
                    "dotnet_version": "",
                    "go_version": "",
                    "java_server": "",
                    "java_server_version": "",
                    "java_version": "",
                    "node_version": "18-lts",
                    "php_version": "",
                    "python_version": "",
                    "ruby_version": ""
                  }
                ],
                "auto_heal_setting": [],
                "container_registry_managed_identity_client_id": "",
                "container_registry_use_managed_identity": false,
                "cors": [],
                "default_documents": [
                  "Default.htm",
                  "Default.html",
                  "Default.asp",
                  "index.htm",
                  "index.html",
                  "iisstart.htm",
                  "default.aspx",
                  "index.php",
                  "hostingstart.html"
                ],
                "detailed_error_logging_enabled": false,
                "ftps_state": "Disabled",
                "health_check_eviction_time_in_min": 5,
                "health_check_path": "/health",
                "http2_enabled": false,
                "ip_restriction": [],
                "ip_restriction_default_action": "Allow",
                "linux_fx_version": "NODE|18-lts",
                "load_balancing_mode": "LeastRequests",
                "local_mysql_enabled": false,
                "managed_pipeline_mode": "Integrated",
                "minimum_tls_version": "1.2",
                "remote_debugging_enabled": false,
                "remote_debugging_version": "VS2022",
                "scm_ip_restriction": [],
                "scm_ip_restriction_default_action": "Allow",
                "scm_minimum_tls_version": "1.2",
                "scm_type": "None",
                "scm_use_main_ip_restriction": false,
                "use_32_bit_worker": true,
                "vnet_route_all_enabled": false,
                "websockets_enabled": false,
                "worker_count": 1
              }
            ],
            "site_credential": [
              {
                "name": "$food-tracker-app-production",
                "password": "4eG8fAzQHjpzDfgBHkeCT1Af4axdGzhm36XMNxH2jZD9D8MpZv1fvgdpSBf4"
              }
            ],
            "sticky_settings": [],
            "storage_account": [],
            "tags": {
              "environment": "production",
              "project": "uber-eats-tracker"
            },
            "timeouts": null,
            "virtual_network_backup_restore_enabled": false,
            "virtual_network_subnet_id": "",
            "webdeploy_publish_basic_authentication_enabled": true,
            "zip_deploy_file": ""
          },
          "sensitive_attributes": [
            [
              {
                "type": "get_attr",
                "value": "custom_domain_verification_id"
              }
            ],
            [
              {
                "type": "get_attr",
                "value": "site_config"
              },
              {
                "type": "index",
                "value": {
                  "value": 0,
                  "type": "number"
                }
              },
              {
                "type": "get_attr",
                "value": "application_stack"
              },
              {
                "type": "index",
                "value": {
                  "value": 0,
                  "type": "number"
                }
              },
              {
                "type": "get_attr",
                "value": "docker_registry_password"
              }
            ],
            [
              {
                "type": "get_attr",
                "value": "site_credential"
              }
            ]
          ],
          "private": "eyJlMmJmYjczMC1lY2FhLTExZTYtOGY4OC0zNDM2M2JjN2M0YzAiOnsiY3JlYXRlIjoxODAwMDAwMDAwMDAwLCJkZWxldGUiOjE4MDAwMDAwMDAwMDAsInJlYWQiOjMwMDAwMDAwMDAwMCwidXBkYXRlIjoxODAwMDAwMDAwMDAwfSwic2NoZW1hX3ZlcnNpb24iOiIxIn0=",
          "dependencies": [
            "azurerm_resource_group.food_tracker",
            "azurerm_service_plan.food_tracker"
          ]
        }
      ]
    },
    {
      "mode": "managed",
      "type": "azurerm_log_analytics_workspace",
      "name": "food_tracker",
      "provider": "provider[\"registry.terraform.io/hashicorp/azurerm\"]",
      "instances": [
        {
          "schema_version": 3,
          "attributes": {
            "allow_resource_only_permissions": true,
            "cmk_for_query_forced": false,
            "daily_quota_gb": -1,
            "data_collection_rule_id": "",
            "id": "/subscriptions/49b31184-b7aa-4a3a-91ec-37b3bcc3724f/resourceGroups/food-tracker-rg-production/providers/Microsoft.OperationalInsights/workspaces/food-tracker-logs-production",
            "identity": [],
            "immediate_data_purge_on_30_days_enabled": false,
            "internet_ingestion_enabled": true,
            "internet_query_enabled": true,
            "local_authentication_disabled": false,
            "location": "eastus2",
            "name": "food-tracker-logs-production",
            "primary_shared_key": "r70mj1jTEyCW0/P0W28w+6ZycXu8Nj59169aM4qHX4Z20j+qcLJgB+mgBSP9gXiDC5fLPjKJ+G3rcgt4B3VdJA==",
            "reservation_capacity_in_gb_per_day": null,
            "resource_group_name": "food-tracker-rg-production",
            "retention_in_days": 30,
            "secondary_shared_key": "evBTVCRkefT365rPXO2pLtPXfv0l/7J5JXC/y+YzUHcOp+U3FJ0wJBQkh/D3UJ/EBGeCZbhpbI3CLPmVWXrBdA==",
            "sku": "PerGB2018",
            "tags": {
              "environment": "production",
              "project": "uber-eats-tracker"
            },
            "timeouts": null,
            "workspace_id": "647cc63e-788d-43d5-b037-d4eb2978a0e7"
          },
          "sensitive_attributes": [
            [
              {
                "type": "get_attr",
                "value": "primary_shared_key"
              }
            ],
            [
              {
                "type": "get_attr",
                "value": "secondary_shared_key"
              }
            ]
          ],
          "private": "eyJlMmJmYjczMC1lY2FhLTExZTYtOGY4OC0zNDM2M2JjN2M0YzAiOnsiY3JlYXRlIjoxODAwMDAwMDAwMDAwLCJkZWxldGUiOjE4MDAwMDAwMDAwMDAsInJlYWQiOjMwMDAwMDAwMDAwMCwidXBkYXRlIjoxODAwMDAwMDAwMDAwfSwic2NoZW1hX3ZlcnNpb24iOiIzIn0=",
          "dependencies": [
            "azurerm_resource_group.food_tracker"
          ]
        }
      ]
    },
    {
      "mode": "managed",
      "type": "azurerm_monitor_action_group",
      "name": "food_tracker",
      "provider": "provider[\"registry.terraform.io/hashicorp/azurerm\"]",
      "instances": [
        {
          "schema_version": 1,
          "attributes": {
            "arm_role_receiver": [],
            "automation_runbook_receiver": [],
            "azure_app_push_receiver": [],
            "azure_function_receiver": [],
            "email_receiver": [
              {
                "email_address": "neelchaulia@gmail.com",
                "name": "sendtoadmin",
                "use_common_alert_schema": true
              }
            ],
            "enabled": true,
            "event_hub_receiver": [],
            "id": "/subscriptions/49b31184-b7aa-4a3a-91ec-37b3bcc3724f/resourceGroups/food-tracker-rg-production/providers/Microsoft.Insights/actionGroups/food-tracker-alerts-production",
            "itsm_receiver": [],
            "location": "global",
            "logic_app_receiver": [],
            "name": "food-tracker-alerts-production",
            "resource_group_name": "food-tracker-rg-production",
            "short_name": "foodalerts",
            "sms_receiver": [],
            "tags": {
              "environment": "production",
              "project": "uber-eats-tracker"
            },
            "timeouts": null,
            "voice_receiver": [],
            "webhook_receiver": []
          },
          "sensitive_attributes": [],
          "private": "eyJlMmJmYjczMC1lY2FhLTExZTYtOGY4OC0zNDM2M2JjN2M0YzAiOnsiY3JlYXRlIjoxODAwMDAwMDAwMDAwLCJkZWxldGUiOjE4MDAwMDAwMDAwMDAsInJlYWQiOjMwMDAwMDAwMDAwMCwidXBkYXRlIjoxODAwMDAwMDAwMDAwfSwic2NoZW1hX3ZlcnNpb24iOiIxIn0=",
          "dependencies": [
            "azurerm_resource_group.food_tracker"
          ]
        }
      ]
    },
    {
      "mode": "managed",
      "type": "azurerm_monitor_metric_alert",
      "name": "app_service_errors",
      "provider": "provider[\"registry.terraform.io/hashicorp/azurerm\"]",
      "instances": [
        {
          "schema_version": 1,
          "attributes": {
            "action": [
              {
                "action_group_id": "/subscriptions/49b31184-b7aa-4a3a-91ec-37b3bcc3724f/resourceGroups/food-tracker-rg-production/providers/Microsoft.Insights/actionGroups/food-tracker-alerts-production",
                "webhook_properties": null
              }
            ],
            "application_insights_web_test_location_availability_criteria": [],
            "auto_mitigate": true,
            "criteria": [
              {
                "aggregation": "Total",
                "dimension": [],
                "metric_name": "Http5xx",
                "metric_namespace": "Microsoft.Web/sites",
                "operator": "GreaterThan",
                "skip_metric_validation": false,
                "threshold": 10
              }
            ],
            "description": "Alert when there are too many errors in the application",
            "dynamic_criteria": [],
            "enabled": true,
            "frequency": "PT1M",
            "id": "/subscriptions/49b31184-b7aa-4a3a-91ec-37b3bcc3724f/resourceGroups/food-tracker-rg-production/providers/Microsoft.Insights/metricAlerts/app-service-errors-production",
            "name": "app-service-errors-production",
            "resource_group_name": "food-tracker-rg-production",
            "scopes": [
              "/subscriptions/49b31184-b7aa-4a3a-91ec-37b3bcc3724f/resourceGroups/food-tracker-rg-production/providers/Microsoft.Web/sites/food-tracker-app-production"
            ],
            "severity": 3,
            "tags": {
              "environment": "production",
              "project": "uber-eats-tracker"
            },
            "target_resource_location": "",
            "target_resource_type": "",
            "timeouts": null,
            "window_size": "PT5M"
          },
          "sensitive_attributes": [],
          "private": "eyJlMmJmYjczMC1lY2FhLTExZTYtOGY4OC0zNDM2M2JjN2M0YzAiOnsiY3JlYXRlIjoxODAwMDAwMDAwMDAwLCJkZWxldGUiOjE4MDAwMDAwMDAwMDAsInJlYWQiOjMwMDAwMDAwMDAwMCwidXBkYXRlIjoxODAwMDAwMDAwMDAwfSwic2NoZW1hX3ZlcnNpb24iOiIxIn0=",
          "dependencies": [
            "azurerm_linux_web_app.food_tracker",
            "azurerm_monitor_action_group.food_tracker",
            "azurerm_resource_group.food_tracker",
            "azurerm_service_plan.food_tracker"
          ]
        }
      ]
    },
    {
      "mode": "managed",
      "type": "azurerm_mssql_database",
      "name": "food_tracker",
      "provider": "provider[\"registry.terraform.io/hashicorp/azurerm\"]",
      "instances": [
        {
          "schema_version": 1,
          "attributes": {
            "auto_pause_delay_in_minutes": 0,
            "collation": "SQL_Latin1_General_CP1_CI_AS",
            "create_mode": "Default",
            "creation_source_database_id": null,
            "elastic_pool_id": "",
            "enclave_type": "",
            "geo_backup_enabled": true,
            "id": "/subscriptions/49b31184-b7aa-4a3a-91ec-37b3bcc3724f/resourceGroups/food-tracker-rg-production/providers/Microsoft.Sql/servers/food-tracker-sql-production/databases/food-tracker-db-production",
            "identity": [],
            "import": [],
            "ledger_enabled": false,
            "license_type": "LicenseIncluded",
            "long_term_retention_policy": [
              {
                "immutable_backups_enabled": false,
                "monthly_retention": "PT0S",
                "week_of_year": 1,
                "weekly_retention": "PT0S",
                "yearly_retention": "PT0S"
              }
            ],
            "maintenance_configuration_name": "SQL_Default",
            "max_size_gb": 2,
            "min_capacity": 0,
            "name": "food-tracker-db-production",
            "read_replica_count": 0,
            "read_scale": false,
            "recover_database_id": null,
            "recovery_point_id": null,
            "restore_dropped_database_id": null,
            "restore_long_term_retention_backup_id": null,
            "restore_point_in_time": null,
            "sample_name": null,
            "secondary_type": "",
            "server_id": "/subscriptions/49b31184-b7aa-4a3a-91ec-37b3bcc3724f/resourceGroups/food-tracker-rg-production/providers/Microsoft.Sql/servers/food-tracker-sql-production",
            "short_term_retention_policy": [
              {
                "backup_interval_in_hours": 24,
                "retention_days": 7
              }
            ],
            "sku_name": "Basic",
            "storage_account_type": "Geo",
            "tags": {
              "environment": "production",
              "project": "uber-eats-tracker"
            },
            "threat_detection_policy": [
              {
                "disabled_alerts": [],
                "email_account_admins": "Disabled",
                "email_addresses": [],
                "retention_days": 0,
                "state": "Disabled",
                "storage_account_access_key": "",
                "storage_endpoint": ""
              }
            ],
            "timeouts": null,
            "transparent_data_encryption_enabled": true,
            "transparent_data_encryption_key_automatic_rotation_enabled": false,
            "transparent_data_encryption_key_vault_key_id": "",
            "zone_redundant": false
          },
          "sensitive_attributes": [
            [
              {
                "type": "get_attr",
                "value": "threat_detection_policy"
              },
              {
                "type": "index",
                "value": {
                  "value": 0,
                  "type": "number"
                }
              },
              {
                "type": "get_attr",
                "value": "storage_account_access_key"
              }
            ]
          ],
          "private": "eyJlMmJmYjczMC1lY2FhLTExZTYtOGY4OC0zNDM2M2JjN2M0YzAiOnsiY3JlYXRlIjozNjAwMDAwMDAwMDAwLCJkZWxldGUiOjM2MDAwMDAwMDAwMDAsInJlYWQiOjMwMDAwMDAwMDAwMCwidXBkYXRlIjozNjAwMDAwMDAwMDAwfSwic2NoZW1hX3ZlcnNpb24iOiIxIn0=",
          "dependencies": [
            "azurerm_mssql_server.food_tracker",
            "azurerm_resource_group.food_tracker"
          ]
        }
      ]
    },
    {
      "mode": "managed",
      "type": "azurerm_mssql_server",
      "name": "food_tracker",
      "provider": "provider[\"registry.terraform.io/hashicorp/azurerm\"]",
      "instances": [
        {
          "schema_version": 0,
          "attributes": {
            "administrator_login": "sqladmin",
            "administrator_login_password": "P@ssw0rd1234!",
            "administrator_login_password_wo": null,
            "administrator_login_password_wo_version": 0,
            "azuread_administrator": [],
            "connection_policy": "Default",
            "express_vulnerability_assessment_enabled": false,
            "fully_qualified_domain_name": "food-tracker-sql-production.database.windows.net",
            "id": "/subscriptions/49b31184-b7aa-4a3a-91ec-37b3bcc3724f/resourceGroups/food-tracker-rg-production/providers/Microsoft.Sql/servers/food-tracker-sql-production",
            "identity": [],
            "location": "eastus2",
            "minimum_tls_version": "1.2",
            "name": "food-tracker-sql-production",
            "outbound_network_restriction_enabled": false,
            "primary_user_assigned_identity_id": "",
            "public_network_access_enabled": true,
            "resource_group_name": "food-tracker-rg-production",
            "restorable_dropped_database_ids": [],
            "tags": {
              "environment": "production",
              "project": "uber-eats-tracker"
            },
            "timeouts": null,
            "transparent_data_encryption_key_vault_key_id": "",
            "version": "12.0"
          },
          "sensitive_attributes": [
            [
              {
                "type": "get_attr",
                "value": "administrator_login_password"
              }
            ],
            [
              {
                "type": "get_attr",
                "value": "administrator_login_password_wo"
              }
            ]
          ],
          "private": "eyJlMmJmYjczMC1lY2FhLTExZTYtOGY4OC0zNDM2M2JjN2M0YzAiOnsiY3JlYXRlIjozNjAwMDAwMDAwMDAwLCJkZWxldGUiOjM2MDAwMDAwMDAwMDAsInJlYWQiOjMwMDAwMDAwMDAwMCwidXBkYXRlIjozNjAwMDAwMDAwMDAwfX0=",
          "dependencies": [
            "azurerm_resource_group.food_tracker"
          ]
        }
      ]
    },
    {
      "mode": "managed",
      "type": "azurerm_resource_group",
      "name": "food_tracker",
      "provider": "provider[\"registry.terraform.io/hashicorp/azurerm\"]",
      "instances": [
        {
          "schema_version": 0,
          "attributes": {
            "id": "/subscriptions/49b31184-b7aa-4a3a-91ec-37b3bcc3724f/resourceGroups/food-tracker-rg-production",
            "location": "eastus2",
            "managed_by": "",
            "name": "food-tracker-rg-production",
            "tags": {
              "environment": "production",
              "project": "uber-eats-tracker"
            },
            "timeouts": null
          },
          "sensitive_attributes": [],
          "private": "eyJlMmJmYjczMC1lY2FhLTExZTYtOGY4OC0zNDM2M2JjN2M0YzAiOnsiY3JlYXRlIjo1NDAwMDAwMDAwMDAwLCJkZWxldGUiOjU0MDAwMDAwMDAwMDAsInJlYWQiOjMwMDAwMDAwMDAwMCwidXBkYXRlIjo1NDAwMDAwMDAwMDAwfX0="
        }
      ]
    },
    {
      "mode": "managed",
      "type": "azurerm_service_plan",
      "name": "food_tracker",
      "provider": "provider[\"registry.terraform.io/hashicorp/azurerm\"]",
      "instances": [
        {
          "schema_version": 1,
          "attributes": {
            "app_service_environment_id": "",
            "id": "/subscriptions/49b31184-b7aa-4a3a-91ec-37b3bcc3724f/resourceGroups/food-tracker-rg-production/providers/Microsoft.Web/serverFarms/food-tracker-plan-production",
            "kind": "linux",
            "location": "eastus2",
            "maximum_elastic_worker_count": 1,
            "name": "food-tracker-plan-production",
            "os_type": "Linux",
            "per_site_scaling_enabled": false,
            "premium_plan_auto_scale_enabled": false,
            "reserved": true,
            "resource_group_name": "food-tracker-rg-production",
            "sku_name": "B1",
            "tags": {
              "environment": "production",
              "project": "uber-eats-tracker"
            },
            "timeouts": null,
            "worker_count": 1,
            "zone_balancing_enabled": false
          },
          "sensitive_attributes": [],
          "private": "eyJlMmJmYjczMC1lY2FhLTExZTYtOGY4OC0zNDM2M2JjN2M0YzAiOnsiY3JlYXRlIjozNjAwMDAwMDAwMDAwLCJkZWxldGUiOjM2MDAwMDAwMDAwMDAsInJlYWQiOjMwMDAwMDAwMDAwMCwidXBkYXRlIjozNjAwMDAwMDAwMDAwfSwic2NoZW1hX3ZlcnNpb24iOiIxIn0=",
          "dependencies": [
            "azurerm_resource_group.food_tracker"
          ]
        }
      ]
    }
  ],
  "check_results": null
}
